github.com/hashibuto/artillery v0.0.0-20221217031912-eb8f2a62714f h1:i4zQ4tKO+ACad+utkTR9S2WQdMYZ/yuVXk/GE3+Fk18=
github.com/hashibuto/artillery v0.0.0-20221217031912-eb8f2a62714f/go.mod h1:ceoAGgire9Skt2JeAtofn6+69433hV2KZPwHPTAANnk=
github.com/hashibuto/artillery v0.1.3 h1:5lfzQ7Q/zqc8u81dykyHSO9ktO0T7T86qK5yzoDq+b8=
github.com/hashibuto/artillery v0.1.3/go.mod h1:ceoAGgire9Skt2JeAtofn6+69433hV2KZPwHPTAANnk=
github.com/hashibuto/artillery v0.1.4 h1:pNndZ11nbPE+FMukoqrq8hJsy3ItD30rhH0cKAzUkjA=
github.com/hashibuto/artillery v0.1.4/go.mod h1:ceoAGgire9Skt2JeAtofn6+69433hV2KZPwHPTAANnk=
github.com/hashibuto/mirage v0.2.6 h1:pOWLoOsikTE4Fg23K85hVn9YTV8U3us2k8j/PYMnCF8=
github.com/hashibuto/mirage v0.2.6/go.mod h1:OrNCJWauUKM2U3/yu1Qt0KlVOn3uKQwsTIwq+xIpFEI=
github.com/hashibuto/nilshell v0.1.10 h1:+Rl3tZZOlTpqe4XiM5YN9vBDMgtM+imTOqoQaaPlnBM=
github.com/hashibuto/nilshell v0.1.10/go.mod h1:OyliDOagrtUHz7DnJ40++YL/oJHI/m0TUOenZWKd5oA=
golang.org/x/sys v0.3.0 h1:w8ZOecv6NaNa/zC8944JTU3vz4u6Lagfk4RPQxv92NQ=
golang.org/x/sys v0.3.0/go.mod h1:oPkhp1MJrh7nUepCBck5+mAzfO9JrbApNNgaTdGDITg=
golang.org/x/term v0.3.0 h1:qoo4akIqOcDME5bhc/NgxUdovd6BSS2uMsVjB56q1xI=
golang.org/x/term v0.3.0/go.mod h1:q750SLmJuPmVoN1blW3UFBPREJfb1KmY3vwxfr+nFDA=
